<?xml version="1.0" encoding="utf-8"?>
<Project ToolsVersion="4.0" xmlns="http://schemas.microsoft.com/developer/msbuild/2003">
  <ItemGroup>
    <Filter Include="Source Files">
      <UniqueIdentifier>{4FC737F1-C7A5-4376-A066-2A32D752A2FF}</UniqueIdentifier>
      <Extensions>cpp;c;cc;cxx;def;odl;idl;hpj;bat;asm;asmx</Extensions>
    </Filter>
    <Filter Include="Header Files">
      <UniqueIdentifier>{93995380-89BD-4b04-88EB-625FBE52EBFB}</UniqueIdentifier>
      <Extensions>h;hh;hpp;hxx;hm;inl;inc;xsd</Extensions>
    </Filter>
    <Filter Include="Resource Files">
      <UniqueIdentifier>{67DA6AB6-F800-4c08-8B7A-83BB121AAD01}</UniqueIdentifier>
      <Extensions>rc;ico;cur;bmp;dlg;rc2;rct;bin;rgs;gif;jpg;jpeg;jpe;resx;tiff;tif;png;wav;mfcribbon-ms</Extensions>
    </Filter>
    <Filter Include="Source Files\Entities">
      <UniqueIdentifier>{dba3251e-f6cc-46b1-80c4-44af91e49b79}</UniqueIdentifier>
    </Filter>
    <Filter Include="Header Files\Entities">
      <UniqueIdentifier>{b6b892d0-fa00-48e2-8f5c-8865dcd48fe8}</UniqueIdentifier>
    </Filter>
    <Filter Include="Source Files\GameLogic">
      <UniqueIdentifier>{4bf50bea-7c90-47be-8ace-7513a26c5a8e}</UniqueIdentifier>
    </Filter>
    <Filter Include="Header Files\GameLogic">
      <UniqueIdentifier>{3085463c-7686-4b82-8983-201071367c0a}</UniqueIdentifier>
    </Filter>
  </ItemGroup>
  <ItemGroup>
    <ClInclude Include="stdafx.h">
      <Filter>Header Files</Filter>
    </ClInclude>
    <ClInclude Include="targetver.h">
      <Filter>Header Files</Filter>
    </ClInclude>
    <ClInclude Include="GameContext.h">
      <Filter>Header Files</Filter>
    </ClInclude>
    <ClInclude Include="GameEntity.h">
      <Filter>Header Files\Entities</Filter>
    </ClInclude>
    <ClInclude Include="Character.h">
      <Filter>Header Files\Entities</Filter>
    </ClInclude>
    <ClInclude Include="Player.h">
      <Filter>Header Files\Entities</Filter>
    </ClInclude>
    <ClInclude Include="EventHandler.h">
      <Filter>Header Files\GameLogic</Filter>
    </ClInclude>
    <ClInclude Include="Environment.h">
      <Filter>Header Files\GameLogic</Filter>
    </ClInclude>
    <ClInclude Include="Map.h">
      <Filter>Header Files\GameLogic</Filter>
    </ClInclude>
  </ItemGroup>
  <ItemGroup>
    <ClCompile Include="stdafx.cpp">
      <Filter>Source Files</Filter>
    </ClCompile>
    <ClCompile Include="AdventureGame.cpp">
      <Filter>Source Files</Filter>
    </ClCompile>
    <ClCompile Include="GameContext.cpp">
      <Filter>Source Files</Filter>
    </ClCompile>
    <ClCompile Include="GameEntity.cpp">
      <Filter>Source Files\Entities</Filter>
    </ClCompile>
    <ClCompile Include="Character.cpp">
      <Filter>Source Files\Entities</Filter>
    </ClCompile>
    <ClCompile Include="Player.cpp">
      <Filter>Source Files\Entities</Filter>
    </ClCompile>
    <ClCompile Include="EventHandler.cpp">
      <Filter>Source Files\GameLogic</Filter>
    </ClCompile>
    <ClCompile Include="Environment.cpp">
      <Filter>Source Files\GameLogic</Filter>
    </ClCompile>
    <ClCompile Include="Map.cpp">
      <Filter>Source Files\GameLogic</Filter>
    </ClCompile>
  </ItemGroup>
  <ItemGroup>
    <None Include="packages.config" />
  </ItemGroup>
  <ItemGroup>
    <Image Include="Graphics\dg_edging132.png">
      <Filter>Resource Files</Filter>
    </Image>
    <Image Include="Graphics\dg_edging232.png">
      <Filter>Resource Files</Filter>
    </Image>
    <Image Include="Graphics\dg_edging332.png">
      <Filter>Resource Files</Filter>
    </Image>
    <Image Include="Graphics\dg_extra132.png">
      <Filter>Resource Files</Filter>
    </Image>
    <Image Include="Graphics\dg_features32.png">
      <Filter>Resource Files</Filter>
    </Image>
    <Image Include="Graphics\dg_misc32.png">
      <Filter>Resource Files</Filter>
    </Image>
    <Image Include="Graphics\dg_monster132.png">
      <Filter>Resource Files</Filter>
    </Image>
    <Image Include="Graphics\dg_monster232.png">
      <Filter>Resource Files</Filter>
    </Image>
    <Image Include="Graphics\dg_monster332.png">
      <Filter>Resource Files</Filter>
    </Image>
    <Image Include="Graphics\dg_monster432.png">
      <Filter>Resource Files</Filter>
    </Image>
    <Image Include="Graphics\dg_monster532.png">
      <Filter>Resource Files</Filter>
    </Image>
    <Image Include="Graphics\dg_monster632.png">
      <Filter>Resource Files</Filter>
    </Image>
    <Image Include="Graphics\dg_monster732.png">
      <Filter>Resource Files</Filter>
    </Image>
    <Image Include="Graphics\dg_undead32.png">
      <Filter>Resource Files</Filter>
    </Image>
    <Image Include="Graphics\dg_uniques32.png">
      <Filter>Resource Files</Filter>
    </Image>
    <Image Include="Graphics\dg_weapons32.png">
      <Filter>Resource Files</Filter>
    </Image>
    <Image Include="Graphics\hahmo.png">
      <Filter>Resource Files</Filter>
    </Image>
    <Image Include="Graphics\house.png">
      <Filter>Resource Files</Filter>
    </Image>
    <Image Include="Graphics\kivi_kaupunki.png">
      <Filter>Resource Files</Filter>
    </Image>
    <Image Include="Graphics\lohikaarme.png">
      <Filter>Resource Files</Filter>
    </Image>
    <Image Include="Graphics\terrain.png">
      <Filter>Resource Files</Filter>
    </Image>
  </ItemGroup>
</Project>